
Microsoft Visual Studio Solution File, Format Version 12.00
# Visual Studio Version 16
VisualStudioVersion = 16.0.31205.134
MinimumVisualStudioVersion = 10.0.40219.1
Project("{2150E333-8FDC-42A3-9474-1A3956D46DE8}") = "src", "src", "{70A1697C-8CDD-4FC2-9883-1446E691074D}"
EndProject
Project("{2150E333-8FDC-42A3-9474-1A3956D46DE8}") = "test", "test", "{0CD9A3A5-82D7-4EEA-AD97-D588738CBBF6}"
EndProject
Project("{9A19103F-16F7-4668-BE54-9A1E7A4F7556}") = "GlattReviews.Domain", "GlattReviews.Domain\GlattReviews.Domain.csproj", "{9CD568C1-6767-470E-AACD-D54AA1C66662}"
EndProject
Project("{9A19103F-16F7-4668-BE54-9A1E7A4F7556}") = "GlattReviews.API", "GlattReviews.Controllers\GlattReviews.API.csproj", "{D07588EB-463C-4D1C-86DA-AD1188C0EFD9}"
EndProject
Project("{FAE04EC0-301F-11D3-BF4B-00C04F79EFBC}") = "GlattReviews.Data", "GlattReviews.Data\GlattReviews.Data.csproj", "{5B2A7C8F-7426-4782-93BE-458677974559}"
EndProject
Global
	GlobalSection(SolutionConfigurationPlatforms) = preSolution
		Debug|Any CPU = Debug|Any CPU
		Release|Any CPU = Release|Any CPU
	EndGlobalSection
	GlobalSection(ProjectConfigurationPlatforms) = postSolution
		{9CD568C1-6767-470E-AACD-D54AA1C66662}.Debug|Any CPU.ActiveCfg = Debug|Any CPU
		{9CD568C1-6767-470E-AACD-D54AA1C66662}.Debug|Any CPU.Build.0 = Debug|Any CPU
		{9CD568C1-6767-470E-AACD-D54AA1C66662}.Release|Any CPU.ActiveCfg = Release|Any CPU
		{9CD568C1-6767-470E-AACD-D54AA1C66662}.Release|Any CPU.Build.0 = Release|Any CPU
		{D07588EB-463C-4D1C-86DA-AD1188C0EFD9}.Debug|Any CPU.ActiveCfg = Debug|Any CPU
		{D07588EB-463C-4D1C-86DA-AD1188C0EFD9}.Debug|Any CPU.Build.0 = Debug|Any CPU
		{D07588EB-463C-4D1C-86DA-AD1188C0EFD9}.Release|Any CPU.ActiveCfg = Release|Any CPU
		{D07588EB-463C-4D1C-86DA-AD1188C0EFD9}.Release|Any CPU.Build.0 = Release|Any CPU
		{5B2A7C8F-7426-4782-93BE-458677974559}.Debug|Any CPU.ActiveCfg = Debug|Any CPU
		{5B2A7C8F-7426-4782-93BE-458677974559}.Debug|Any CPU.Build.0 = Debug|Any CPU
		{5B2A7C8F-7426-4782-93BE-458677974559}.Release|Any CPU.ActiveCfg = Release|Any CPU
		{5B2A7C8F-7426-4782-93BE-458677974559}.Release|Any CPU.Build.0 = Release|Any CPU
	EndGlobalSection
	GlobalSection(SolutionProperties) = preSolution
		HideSolutionNode = FALSE
	EndGlobalSection
	GlobalSection(NestedProjects) = preSolution
		{9CD568C1-6767-470E-AACD-D54AA1C66662} = {70A1697C-8CDD-4FC2-9883-1446E691074D}
		{D07588EB-463C-4D1C-86DA-AD1188C0EFD9} = {70A1697C-8CDD-4FC2-9883-1446E691074D}
		{5B2A7C8F-7426-4782-93BE-458677974559} = {70A1697C-8CDD-4FC2-9883-1446E691074D}
	EndGlobalSection
	GlobalSection(ExtensibilityGlobals) = postSolution
		SolutionGuid = {46022E9A-6D3C-4100-8F49-42B3FA5CCAAC}
	EndGlobalSection
EndGlobal
